// !$*UTF8*$!
{
	archiveVersion = 1;
	classes = {
	};
	objectVersion = 56;
	objects = {

/* Begin PBXBuildFile section */
		632E23882999C85B001A5760 /* APIService.swift in Sources */ = {isa = PBXBuildFile; fileRef = 636074A2299614CE007E5E04 /* APIService.swift */; };
		632E23892999C873001A5760 /* APIClient.swift in Sources */ = {isa = PBXBuildFile; fileRef = 636074A4299616CB007E5E04 /* APIClient.swift */; };
		632E238A2999C96C001A5760 /* CatViewModel.swift in Sources */ = {isa = PBXBuildFile; fileRef = 636074A02996124C007E5E04 /* CatViewModel.swift */; };
		632E238B299A04DB001A5760 /* CatFactsResponse.swift in Sources */ = {isa = PBXBuildFile; fileRef = 636074962995BF61007E5E04 /* CatFactsResponse.swift */; };
		632E238C299A04EE001A5760 /* ConstantEndPoints.swift in Sources */ = {isa = PBXBuildFile; fileRef = 636074A82996B796007E5E04 /* ConstantEndPoints.swift */; };
		6360746B2995B874007E5E04 /* CatFactsApp.swift in Sources */ = {isa = PBXBuildFile; fileRef = 6360746A2995B874007E5E04 /* CatFactsApp.swift */; };
		6360746D2995B874007E5E04 /* CatView.swift in Sources */ = {isa = PBXBuildFile; fileRef = 6360746C2995B874007E5E04 /* CatView.swift */; };
		6360746F2995B875007E5E04 /* Assets.xcassets in Resources */ = {isa = PBXBuildFile; fileRef = 6360746E2995B875007E5E04 /* Assets.xcassets */; };
		636074722995B875007E5E04 /* Preview Assets.xcassets in Resources */ = {isa = PBXBuildFile; fileRef = 636074712995B875007E5E04 /* Preview Assets.xcassets */; };
		6360747C2995B875007E5E04 /* CatFactsTests.swift in Sources */ = {isa = PBXBuildFile; fileRef = 6360747B2995B875007E5E04 /* CatFactsTests.swift */; };
		636074862995B875007E5E04 /* CatFactsUITests.swift in Sources */ = {isa = PBXBuildFile; fileRef = 636074852995B875007E5E04 /* CatFactsUITests.swift */; };
		636074882995B875007E5E04 /* CatFactsUITestsLaunchTests.swift in Sources */ = {isa = PBXBuildFile; fileRef = 636074872995B875007E5E04 /* CatFactsUITestsLaunchTests.swift */; };
		636074972995BF61007E5E04 /* CatFactsResponse.swift in Sources */ = {isa = PBXBuildFile; fileRef = 636074962995BF61007E5E04 /* CatFactsResponse.swift */; };
		636074A12996124C007E5E04 /* CatViewModel.swift in Sources */ = {isa = PBXBuildFile; fileRef = 636074A02996124C007E5E04 /* CatViewModel.swift */; };
		636074A3299614CE007E5E04 /* APIService.swift in Sources */ = {isa = PBXBuildFile; fileRef = 636074A2299614CE007E5E04 /* APIService.swift */; };
		636074A5299616CB007E5E04 /* APIClient.swift in Sources */ = {isa = PBXBuildFile; fileRef = 636074A4299616CB007E5E04 /* APIClient.swift */; };
		636074A92996B796007E5E04 /* ConstantEndPoints.swift in Sources */ = {isa = PBXBuildFile; fileRef = 636074A82996B796007E5E04 /* ConstantEndPoints.swift */; };
/* End PBXBuildFile section */

/* Begin PBXContainerItemProxy section */
		636074782995B875007E5E04 /* PBXContainerItemProxy */ = {
			isa = PBXContainerItemProxy;
			containerPortal = 6360745F2995B873007E5E04 /* Project object */;
			proxyType = 1;
			remoteGlobalIDString = 636074662995B874007E5E04;
			remoteInfo = CatFacts;
		};
		636074822995B875007E5E04 /* PBXContainerItemProxy */ = {
			isa = PBXContainerItemProxy;
			containerPortal = 6360745F2995B873007E5E04 /* Project object */;
			proxyType = 1;
			remoteGlobalIDString = 636074662995B874007E5E04;
			remoteInfo = CatFacts;
		};
/* End PBXContainerItemProxy section */

/* Begin PBXFileReference section */
		632E238D299A2641001A5760 /* README.md */ = {isa = PBXFileReference; lastKnownFileType = net.daringfireball.markdown; path = README.md; sourceTree = "<group>"; };
		636074672995B874007E5E04 /* CatFacts.app */ = {isa = PBXFileReference; explicitFileType = wrapper.application; includeInIndex = 0; path = CatFacts.app; sourceTree = BUILT_PRODUCTS_DIR; };
		6360746A2995B874007E5E04 /* CatFactsApp.swift */ = {isa = PBXFileReference; lastKnownFileType = sourcecode.swift; path = CatFactsApp.swift; sourceTree = "<group>"; };
		6360746C2995B874007E5E04 /* CatView.swift */ = {isa = PBXFileReference; lastKnownFileType = sourcecode.swift; path = CatView.swift; sourceTree = "<group>"; };
		6360746E2995B875007E5E04 /* Assets.xcassets */ = {isa = PBXFileReference; lastKnownFileType = folder.assetcatalog; path = Assets.xcassets; sourceTree = "<group>"; };
		636074712995B875007E5E04 /* Preview Assets.xcassets */ = {isa = PBXFileReference; lastKnownFileType = folder.assetcatalog; path = "Preview Assets.xcassets"; sourceTree = "<group>"; };
		636074772995B875007E5E04 /* CatFactsTests.xctest */ = {isa = PBXFileReference; explicitFileType = wrapper.cfbundle; includeInIndex = 0; path = CatFactsTests.xctest; sourceTree = BUILT_PRODUCTS_DIR; };
		6360747B2995B875007E5E04 /* CatFactsTests.swift */ = {isa = PBXFileReference; lastKnownFileType = sourcecode.swift; path = CatFactsTests.swift; sourceTree = "<group>"; };
		636074812995B875007E5E04 /* CatFactsUITests.xctest */ = {isa = PBXFileReference; explicitFileType = wrapper.cfbundle; includeInIndex = 0; path = CatFactsUITests.xctest; sourceTree = BUILT_PRODUCTS_DIR; };
		636074852995B875007E5E04 /* CatFactsUITests.swift */ = {isa = PBXFileReference; lastKnownFileType = sourcecode.swift; path = CatFactsUITests.swift; sourceTree = "<group>"; };
		636074872995B875007E5E04 /* CatFactsUITestsLaunchTests.swift */ = {isa = PBXFileReference; lastKnownFileType = sourcecode.swift; path = CatFactsUITestsLaunchTests.swift; sourceTree = "<group>"; };
		636074962995BF61007E5E04 /* CatFactsResponse.swift */ = {isa = PBXFileReference; lastKnownFileType = sourcecode.swift; path = CatFactsResponse.swift; sourceTree = "<group>"; };
		636074A02996124C007E5E04 /* CatViewModel.swift */ = {isa = PBXFileReference; lastKnownFileType = sourcecode.swift; path = CatViewModel.swift; sourceTree = "<group>"; };
		636074A2299614CE007E5E04 /* APIService.swift */ = {isa = PBXFileReference; lastKnownFileType = sourcecode.swift; path = APIService.swift; sourceTree = "<group>"; };
		636074A4299616CB007E5E04 /* APIClient.swift */ = {isa = PBXFileReference; lastKnownFileType = sourcecode.swift; path = APIClient.swift; sourceTree = "<group>"; };
		636074A82996B796007E5E04 /* ConstantEndPoints.swift */ = {isa = PBXFileReference; lastKnownFileType = sourcecode.swift; path = ConstantEndPoints.swift; sourceTree = "<group>"; };
/* End PBXFileReference section */

/* Begin PBXFrameworksBuildPhase section */
		636074642995B874007E5E04 /* Frameworks */ = {
			isa = PBXFrameworksBuildPhase;
			buildActionMask = 2147483647;
			files = (
			);
			runOnlyForDeploymentPostprocessing = 0;
		};
		636074742995B875007E5E04 /* Frameworks */ = {
			isa = PBXFrameworksBuildPhase;
			buildActionMask = 2147483647;
			files = (
			);
			runOnlyForDeploymentPostprocessing = 0;
		};
		6360747E2995B875007E5E04 /* Frameworks */ = {
			isa = PBXFrameworksBuildPhase;
			buildActionMask = 2147483647;
			files = (
			);
			runOnlyForDeploymentPostprocessing = 0;
		};
/* End PBXFrameworksBuildPhase section */

/* Begin PBXGroup section */
		6360745E2995B873007E5E04 = {
			isa = PBXGroup;
			children = (
				632E238D299A2641001A5760 /* README.md */,
				636074692995B874007E5E04 /* CatFacts */,
				6360747A2995B875007E5E04 /* CatFactsTests */,
				636074842995B875007E5E04 /* CatFactsUITests */,
				636074682995B874007E5E04 /* Products */,
			);
			sourceTree = "<group>";
		};
		636074682995B874007E5E04 /* Products */ = {
			isa = PBXGroup;
			children = (
				636074672995B874007E5E04 /* CatFacts.app */,
				636074772995B875007E5E04 /* CatFactsTests.xctest */,
				636074812995B875007E5E04 /* CatFactsUITests.xctest */,
			);
			name = Products;
			sourceTree = "<group>";
		};
		636074692995B874007E5E04 /* CatFacts */ = {
			isa = PBXGroup;
			children = (
				6360749F299611C4007E5E04 /* App */,
				6360749E299611A4007E5E04 /* Networking */,
				6360749D29961034007E5E04 /* Models */,
				6360749C29960B8D007E5E04 /* Views */,
				6360746E2995B875007E5E04 /* Assets.xcassets */,
				636074702995B875007E5E04 /* Preview Content */,
			);
			path = CatFacts;
			sourceTree = "<group>";
		};
		636074702995B875007E5E04 /* Preview Content */ = {
			isa = PBXGroup;
			children = (
				636074712995B875007E5E04 /* Preview Assets.xcassets */,
			);
			path = "Preview Content";
			sourceTree = "<group>";
		};
		6360747A2995B875007E5E04 /* CatFactsTests */ = {
			isa = PBXGroup;
			children = (
				6360747B2995B875007E5E04 /* CatFactsTests.swift */,
			);
			path = CatFactsTests;
			sourceTree = "<group>";
		};
		636074842995B875007E5E04 /* CatFactsUITests */ = {
			isa = PBXGroup;
			children = (
				636074852995B875007E5E04 /* CatFactsUITests.swift */,
				636074872995B875007E5E04 /* CatFactsUITestsLaunchTests.swift */,
			);
			path = CatFactsUITests;
			sourceTree = "<group>";
		};
		6360749C29960B8D007E5E04 /* Views */ = {
			isa = PBXGroup;
			children = (
				6360746C2995B874007E5E04 /* CatView.swift */,
				636074A02996124C007E5E04 /* CatViewModel.swift */,
			);
			path = Views;
			sourceTree = "<group>";
		};
		6360749D29961034007E5E04 /* Models */ = {
			isa = PBXGroup;
			children = (
				636074962995BF61007E5E04 /* CatFactsResponse.swift */,
			);
			path = Models;
			sourceTree = "<group>";
		};
		6360749E299611A4007E5E04 /* Networking */ = {
			isa = PBXGroup;
			children = (
				636074A4299616CB007E5E04 /* APIClient.swift */,
				636074A2299614CE007E5E04 /* APIService.swift */,
			);
			path = Networking;
			sourceTree = "<group>";
		};
		6360749F299611C4007E5E04 /* App */ = {
			isa = PBXGroup;
			children = (
				6360746A2995B874007E5E04 /* CatFactsApp.swift */,
				636074A82996B796007E5E04 /* ConstantEndPoints.swift */,
			);
			path = App;
			sourceTree = "<group>";
		};
/* End PBXGroup section */

/* Begin PBXNativeTarget section */
		636074662995B874007E5E04 /* CatFacts */ = {
			isa = PBXNativeTarget;
			buildConfigurationList = 6360748B2995B875007E5E04 /* Build configuration list for PBXNativeTarget "CatFacts" */;
			buildPhases = (
				636074632995B874007E5E04 /* Sources */,
				636074642995B874007E5E04 /* Frameworks */,
				636074652995B874007E5E04 /* Resources */,
			);
			buildRules = (
			);
			dependencies = (
			);
			name = CatFacts;
			productName = CatFacts;
			productReference = 636074672995B874007E5E04 /* CatFacts.app */;
			productType = "com.apple.product-type.application";
		};
		636074762995B875007E5E04 /* CatFactsTests */ = {
			isa = PBXNativeTarget;
			buildConfigurationList = 6360748E2995B875007E5E04 /* Build configuration list for PBXNativeTarget "CatFactsTests" */;
			buildPhases = (
				636074732995B875007E5E04 /* Sources */,
				636074742995B875007E5E04 /* Frameworks */,
				636074752995B875007E5E04 /* Resources */,
			);
			buildRules = (
			);
			dependencies = (
				636074792995B875007E5E04 /* PBXTargetDependency */,
			);
			name = CatFactsTests;
			productName = CatFactsTests;
			productReference = 636074772995B875007E5E04 /* CatFactsTests.xctest */;
			productType = "com.apple.product-type.bundle.unit-test";
		};
		636074802995B875007E5E04 /* CatFactsUITests */ = {
			isa = PBXNativeTarget;
			buildConfigurationList = 636074912995B875007E5E04 /* Build configuration list for PBXNativeTarget "CatFactsUITests" */;
			buildPhases = (
				6360747D2995B875007E5E04 /* Sources */,
				6360747E2995B875007E5E04 /* Frameworks */,
				6360747F2995B875007E5E04 /* Resources */,
			);
			buildRules = (
			);
			dependencies = (
				636074832995B875007E5E04 /* PBXTargetDependency */,
			);
			name = CatFactsUITests;
			productName = CatFactsUITests;
			productReference = 636074812995B875007E5E04 /* CatFactsUITests.xctest */;
			productType = "com.apple.product-type.bundle.ui-testing";
		};
/* End PBXNativeTarget section */

/* Begin PBXProject section */
		6360745F2995B873007E5E04 /* Project object */ = {
			isa = PBXProject;
			attributes = {
				BuildIndependentTargetsInParallel = 1;
				LastSwiftUpdateCheck = 1420;
				LastUpgradeCheck = 1420;
				TargetAttributes = {
					636074662995B874007E5E04 = {
						CreatedOnToolsVersion = 14.2;
					};
					636074762995B875007E5E04 = {
						CreatedOnToolsVersion = 14.2;
						TestTargetID = 636074662995B874007E5E04;
					};
					636074802995B875007E5E04 = {
						CreatedOnToolsVersion = 14.2;
						TestTargetID = 636074662995B874007E5E04;
					};
				};
			};
			buildConfigurationList = 636074622995B873007E5E04 /* Build configuration list for PBXProject "CatFacts" */;
			compatibilityVersion = "Xcode 14.0";
			developmentRegion = en;
			hasScannedForEncodings = 0;
			knownRegions = (
				en,
				Base,
			);
			mainGroup = 6360745E2995B873007E5E04;
			productRefGroup = 636074682995B874007E5E04 /* Products */;
			projectDirPath = "";
			projectRoot = "";
			targets = (
				636074662995B874007E5E04 /* CatFacts */,
				636074762995B875007E5E04 /* CatFactsTests */,
				636074802995B875007E5E04 /* CatFactsUITests */,
			);
		};
/* End PBXProject section */

/* Begin PBXResourcesBuildPhase section */
		636074652995B874007E5E04 /* Resources */ = {
			isa = PBXResourcesBuildPhase;
			buildActionMask = 2147483647;
			files = (
				636074722995B875007E5E04 /* Preview Assets.xcassets in Resources */,
				6360746F2995B875007E5E04 /* Assets.xcassets in Resources */,
			);
			runOnlyForDeploymentPostprocessing = 0;
		};
		636074752995B875007E5E04 /* Resources */ = {
			isa = PBXResourcesBuildPhase;
			buildActionMask = 2147483647;
			files = (
			);
			runOnlyForDeploymentPostprocessing = 0;
		};
		6360747F2995B875007E5E04 /* Resources */ = {
			isa = PBXResourcesBuildPhase;
			buildActionMask = 2147483647;
			files = (
			);
			runOnlyForDeploymentPostprocessing = 0;
		};
/* End PBXResourcesBuildPhase section */

/* Begin PBXSourcesBuildPhase section */
		636074632995B874007E5E04 /* Sources */ = {
			isa = PBXSourcesBuildPhase;
			buildActionMask = 2147483647;
			files = (
				6360746D2995B874007E5E04 /* CatView.swift in Sources */,
				636074A3299614CE007E5E04 /* APIService.swift in Sources */,
				636074A5299616CB007E5E04 /* APIClient.swift in Sources */,
				636074A92996B796007E5E04 /* ConstantEndPoints.swift in Sources */,
				636074972995BF61007E5E04 /* CatFactsResponse.swift in Sources */,
				6360746B2995B874007E5E04 /* CatFactsApp.swift in Sources */,
				636074A12996124C007E5E04 /* CatViewModel.swift in Sources */,
			);
			runOnlyForDeploymentPostprocessing = 0;
		};
		636074732995B875007E5E04 /* Sources */ = {
			isa = PBXSourcesBuildPhase;
			buildActionMask = 2147483647;
			files = (
				632E23882999C85B001A5760 /* APIService.swift in Sources */,
				632E238B299A04DB001A5760 /* CatFactsResponse.swift in Sources */,
				632E238C299A04EE001A5760 /* ConstantEndPoints.swift in Sources */,
				632E238A2999C96C001A5760 /* CatViewModel.swift in Sources */,
				6360747C2995B875007E5E04 /* CatFactsTests.swift in Sources */,
				632E23892999C873001A5760 /* APIClient.swift in Sources */,
			);
			runOnlyForDeploymentPostprocessing = 0;
		};
		6360747D2995B875007E5E04 /* Sources */ = {
			isa = PBXSourcesBuildPhase;
			buildActionMask = 2147483647;
			files = (
				636074882995B875007E5E04 /* CatFactsUITestsLaunchTests.swift in Sources */,
				636074862995B875007E5E04 /* CatFactsUITests.swift in Sources */,
			);
			runOnlyForDeploymentPostprocessing = 0;
		};
/* End PBXSourcesBuildPhase section */

/* Begin PBXTargetDependency section */
		636074792995B875007E5E04 /* PBXTargetDependency */ = {
			isa = PBXTargetDependency;
			target = 636074662995B874007E5E04 /* CatFacts */;
			targetProxy = 636074782995B875007E5E04 /* PBXContainerItemProxy */;
		};
		636074832995B875007E5E04 /* PBXTargetDependency */ = {
			isa = PBXTargetDependency;
			target = 636074662995B874007E5E04 /* CatFacts */;
			targetProxy = 636074822995B875007E5E04 /* PBXContainerItemProxy */;
		};
/* End PBXTargetDependency section */

/* Begin XCBuildConfiguration section */
		636074892995B875007E5E04 /* Debug */ = {
			isa = XCBuildConfiguration;
			buildSettings = {
				ALWAYS_SEARCH_USER_PATHS = NO;
				CLANG_ANALYZER_NONNULL = YES;
				CLANG_ANALYZER_NUMBER_OBJECT_CONVERSION = YES_AGGRESSIVE;
				CLANG_CXX_LANGUAGE_STANDARD = "gnu++20";
				CLANG_ENABLE_MODULES = YES;
				CLANG_ENABLE_OBJC_ARC = YES;
				CLANG_ENABLE_OBJC_WEAK = YES;
				CLANG_WARN_BLOCK_CAPTURE_AUTORELEASING = YES;
				CLANG_WARN_BOOL_CONVERSION = YES;
				CLANG_WARN_COMMA = YES;
				CLANG_WARN_CONSTANT_CONVERSION = YES;
				CLANG_WARN_DEPRECATED_OBJC_IMPLEMENTATIONS = YES;
				CLANG_WARN_DIRECT_OBJC_ISA_USAGE = YES_ERROR;
				CLANG_WARN_DOCUMENTATION_COMMENTS = YES;
				CLANG_WARN_EMPTY_BODY = YES;
				CLANG_WARN_ENUM_CONVERSION = YES;
				CLANG_WARN_INFINITE_RECURSION = YES;
				CLANG_WARN_INT_CONVERSION = YES;
				CLANG_WARN_NON_LITERAL_NULL_CONVERSION = YES;
				CLANG_WARN_OBJC_IMPLICIT_RETAIN_SELF = YES;
				CLANG_WARN_OBJC_LITERAL_CONVERSION = YES;
				CLANG_WARN_OBJC_ROOT_CLASS = YES_ERROR;
				CLANG_WARN_QUOTED_INCLUDE_IN_FRAMEWORK_HEADER = YES;
				CLANG_WARN_RANGE_LOOP_ANALYSIS = YES;
				CLANG_WARN_STRICT_PROTOTYPES = YES;
				CLANG_WARN_SUSPICIOUS_MOVE = YES;
				CLANG_WARN_UNGUARDED_AVAILABILITY = YES_AGGRESSIVE;
				CLANG_WARN_UNREACHABLE_CODE = YES;
				CLANG_WARN__DUPLICATE_METHOD_MATCH = YES;
				COPY_PHASE_STRIP = NO;
				DEBUG_INFORMATION_FORMAT = dwarf;
				ENABLE_STRICT_OBJC_MSGSEND = YES;
				ENABLE_TESTABILITY = YES;
				GCC_C_LANGUAGE_STANDARD = gnu11;
				GCC_DYNAMIC_NO_PIC = NO;
				GCC_NO_COMMON_BLOCKS = YES;
				GCC_OPTIMIZATION_LEVEL = 0;
				GCC_PREPROCESSOR_DEFINITIONS = (
					"DEBUG=1",
					"$(inherited)",
				);
				GCC_WARN_64_TO_32_BIT_CONVERSION = YES;
				GCC_WARN_ABOUT_RETURN_TYPE = YES_ERROR;
				GCC_WARN_UNDECLARED_SELECTOR = YES;
				GCC_WARN_UNINITIALIZED_AUTOS = YES_AGGRESSIVE;
				GCC_WARN_UNUSED_FUNCTION = YES;
				GCC_WARN_UNUSED_VARIABLE = YES;
				IPHONEOS_DEPLOYMENT_TARGET = 16.2;
				MTL_ENABLE_DEBUG_INFO = INCLUDE_SOURCE;
				MTL_FAST_MATH = YES;
				ONLY_ACTIVE_ARCH = YES;
				SDKROOT = iphoneos;
				SWIFT_ACTIVE_COMPILATION_CONDITIONS = DEBUG;
				SWIFT_OPTIMIZATION_LEVEL = "-Onone";
			};
			name = Debug;
		};
		6360748A2995B875007E5E04 /* Release */ = {
			isa = XCBuildConfiguration;
			buildSettings = {
				ALWAYS_SEARCH_USER_PATHS = NO;
				CLANG_ANALYZER_NONNULL = YES;
				CLANG_ANALYZER_NUMBER_OBJECT_CONVERSION = YES_AGGRESSIVE;
				CLANG_CXX_LANGUAGE_STANDARD = "gnu++20";
				CLANG_ENABLE_MODULES = YES;
				CLANG_ENABLE_OBJC_ARC = YES;
				CLANG_ENABLE_OBJC_WEAK = YES;
				CLANG_WARN_BLOCK_CAPTURE_AUTORELEASING = YES;
				CLANG_WARN_BOOL_CONVERSION = YES;
				CLANG_WARN_COMMA = YES;
				CLANG_WARN_CONSTANT_CONVERSION = YES;
				CLANG_WARN_DEPRECATED_OBJC_IMPLEMENTATIONS = YES;
				CLANG_WARN_DIRECT_OBJC_ISA_USAGE = YES_ERROR;
				CLANG_WARN_DOCUMENTATION_COMMENTS = YES;
				CLANG_WARN_EMPTY_BODY = YES;
				CLANG_WARN_ENUM_CONVERSION = YES;
				CLANG_WARN_INFINITE_RECURSION = YES;
				CLANG_WARN_INT_CONVERSION = YES;
				CLANG_WARN_NON_LITERAL_NULL_CONVERSION = YES;
				CLANG_WARN_OBJC_IMPLICIT_RETAIN_SELF = YES;
				CLANG_WARN_OBJC_LITERAL_CONVERSION = YES;
				CLANG_WARN_OBJC_ROOT_CLASS = YES_ERROR;
				CLANG_WARN_QUOTED_INCLUDE_IN_FRAMEWORK_HEADER = YES;
				CLANG_WARN_RANGE_LOOP_ANALYSIS = YES;
				CLANG_WARN_STRICT_PROTOTYPES = YES;
				CLANG_WARN_SUSPICIOUS_MOVE = YES;
				CLANG_WARN_UNGUARDED_AVAILABILITY = YES_AGGRESSIVE;
				CLANG_WARN_UNREACHABLE_CODE = YES;
				CLANG_WARN__DUPLICATE_METHOD_MATCH = YES;
				COPY_PHASE_STRIP = NO;
				DEBUG_INFORMATION_FORMAT = "dwarf-with-dsym";
				ENABLE_NS_ASSERTIONS = NO;
				ENABLE_STRICT_OBJC_MSGSEND = YES;
				GCC_C_LANGUAGE_STANDARD = gnu11;
				GCC_NO_COMMON_BLOCKS = YES;
				GCC_WARN_64_TO_32_BIT_CONVERSION = YES;
				GCC_WARN_ABOUT_RETURN_TYPE = YES_ERROR;
				GCC_WARN_UNDECLARED_SELECTOR = YES;
				GCC_WARN_UNINITIALIZED_AUTOS = YES_AGGRESSIVE;
				GCC_WARN_UNUSED_FUNCTION = YES;
				GCC_WARN_UNUSED_VARIABLE = YES;
				IPHONEOS_DEPLOYMENT_TARGET = 16.2;
				MTL_ENABLE_DEBUG_INFO = NO;
				MTL_FAST_MATH = YES;
				SDKROOT = iphoneos;
				SWIFT_COMPILATION_MODE = wholemodule;
				SWIFT_OPTIMIZATION_LEVEL = "-O";
				VALIDATE_PRODUCT = YES;
			};
			name = Release;
		};
		6360748C2995B875007E5E04 /* Debug */ = {
			isa = XCBuildConfiguration;
			buildSettings = {
				ASSETCATALOG_COMPILER_APPICON_NAME = AppIcon;
				ASSETCATALOG_COMPILER_GLOBAL_ACCENT_COLOR_NAME = AccentColor;
				CODE_SIGN_STYLE = Automatic;
				CURRENT_PROJECT_VERSION = 1;
				DEVELOPMENT_ASSET_PATHS = "\"CatFacts/Preview Content\"";
				DEVELOPMENT_TEAM = DK89B3CEZ5;
				ENABLE_PREVIEWS = YES;
				GENERATE_INFOPLIST_FILE = YES;
				INFOPLIST_KEY_UIApplicationSceneManifest_Generation = YES;
				INFOPLIST_KEY_UIApplicationSupportsIndirectInputEvents = YES;
				INFOPLIST_KEY_UILaunchScreen_Generation = YES;
				INFOPLIST_KEY_UISupportedInterfaceOrientations_iPad = "UIInterfaceOrientationPortrait UIInterfaceOrientationPortraitUpsideDown UIInterfaceOrientationLandscapeLeft UIInterfaceOrientationLandscapeRight";
				INFOPLIST_KEY_UISupportedInterfaceOrientations_iPhone = "UIInterfaceOrientationPortrait UIInterfaceOrientationLandscapeLeft UIInterfaceOrientationLandscapeRight";
				LD_RUNPATH_SEARCH_PATHS = (
					"$(inherited)",
					"@executable_path/Frameworks",
				);
				MARKETING_VERSION = 1.0;
				PRODUCT_BUNDLE_IDENTIFIER = com.tapinfuse.CatFacts;
				PRODUCT_NAME = "$(TARGET_NAME)";
				SWIFT_EMIT_LOC_STRINGS = YES;
				SWIFT_VERSION = 5.0;
				TARGETED_DEVICE_FAMILY = "1,2";
			};
			name = Debug;
		};
		6360748D2995B875007E5E04 /* Release */ = {
			isa = XCBuildConfiguration;
			buildSettings = {
				ASSETCATALOG_COMPILER_APPICON_NAME = AppIcon;
				ASSETCATALOG_COMPILER_GLOBAL_ACCENT_COLOR_NAME = AccentColor;
				CODE_SIGN_STYLE = Automatic;
				CURRENT_PROJECT_VERSION = 1;
				DEVELOPMENT_ASSET_PATHS = "\"CatFacts/Preview Content\"";
				DEVELOPMENT_TEAM = DK89B3CEZ5;
				ENABLE_PREVIEWS = YES;
				GENERATE_INFOPLIST_FILE = YES;
				INFOPLIST_KEY_UIApplicationSceneManifest_Generation = YES;
				INFOPLIST_KEY_UIApplicationSupportsIndirectInputEvents = YES;
				INFOPLIST_KEY_UILaunchScreen_Generation = YES;
				INFOPLIST_KEY_UISupportedInterfaceOrientations_iPad = "UIInterfaceOrientationPortrait UIInterfaceOrientationPortraitUpsideDown UIInterfaceOrientationLandscapeLeft UIInterfaceOrientationLandscapeRight";
				INFOPLIST_KEY_UISupportedInterfaceOrientations_iPhone = "UIInterfaceOrientationPortrait UIInterfaceOrientationLandscapeLeft UIInterfaceOrientationLandscapeRight";
				LD_RUNPATH_SEARCH_PATHS = (
					"$(inherited)",
					"@executable_path/Frameworks",
				);
				MARKETING_VERSION = 1.0;
				PRODUCT_BUNDLE_IDENTIFIER = com.tapinfuse.CatFacts;
				PRODUCT_NAME = "$(TARGET_NAME)";
				SWIFT_EMIT_LOC_STRINGS = YES;
				SWIFT_VERSION = 5.0;
				TARGETED_DEVICE_FAMILY = "1,2";
			};
			name = Release;
		};
		6360748F2995B875007E5E04 /* Debug */ = {
			isa = XCBuildConfiguration;
			buildSettings = {
				ALWAYS_EMBED_SWIFT_STANDARD_LIBRARIES = YES;
				BUNDLE_LOADER = "$(TEST_HOST)";
				CODE_SIGN_STYLE = Automatic;
				CURRENT_PROJECT_VERSION = 1;
				DEVELOPMENT_TEAM = DK89B3CEZ5;
				GENERATE_INFOPLIST_FILE = YES;
				IPHONEOS_DEPLOYMENT_TARGET = 16.2;
				MARKETING_VERSION = 1.0;
				PRODUCT_BUNDLE_IDENTIFIER = com.tapinfuse.CatFactsTests;
				PRODUCT_NAME = "$(TARGET_NAME)";
				SWIFT_EMIT_LOC_STRINGS = NO;
				SWIFT_VERSION = 5.0;
				TARGETED_DEVICE_FAMILY = "1,2";
				TEST_HOST = "$(BUILT_PRODUCTS_DIR)/CatFacts.app/$(BUNDLE_EXECUTABLE_FOLDER_PATH)/CatFacts";
			};
			name = Debug;
		};
		636074902995B875007E5E04 /* Release */ = {
			isa = XCBuildConfiguration;
			buildSettings = {
				ALWAYS_EMBED_SWIFT_STANDARD_LIBRARIES = YES;
				BUNDLE_LOADER = "$(TEST_HOST)";
				CODE_SIGN_STYLE = Automatic;
				CURRENT_PROJECT_VERSION = 1;
				DEVELOPMENT_TEAM = DK89B3CEZ5;
				GENERATE_INFOPLIST_FILE = YES;
				IPHONEOS_DEPLOYMENT_TARGET = 16.2;
				MARKETING_VERSION = 1.0;
				PRODUCT_BUNDLE_IDENTIFIER = com.tapinfuse.CatFactsTests;
				PRODUCT_NAME = "$(TARGET_NAME)";
				SWIFT_EMIT_LOC_STRINGS = NO;
				SWIFT_VERSION = 5.0;
				TARGETED_DEVICE_FAMILY = "1,2";
				TEST_HOST = "$(BUILT_PRODUCTS_DIR)/CatFacts.app/$(BUNDLE_EXECUTABLE_FOLDER_PATH)/CatFacts";
			};
			name = Release;
		};
		636074922995B875007E5E04 /* Debug */ = {
			isa = XCBuildConfiguration;
			buildSettings = {
				ALWAYS_EMBED_SWIFT_STANDARD_LIBRARIES = YES;
				CODE_SIGN_STYLE = Automatic;
				CURRENT_PROJECT_VERSION = 1;
				DEVELOPMENT_TEAM = DK89B3CEZ5;
				GENERATE_INFOPLIST_FILE = YES;
				MARKETING_VERSION = 1.0;
				PRODUCT_BUNDLE_IDENTIFIER = com.tapinfuse.CatFactsUITests;
				PRODUCT_NAME = "$(TARGET_NAME)";
				SWIFT_EMIT_LOC_STRINGS = NO;
				SWIFT_VERSION = 5.0;
				TARGETED_DEVICE_FAMILY = "1,2";
				TEST_TARGET_NAME = CatFacts;
			};
			name = Debug;
		};
		636074932995B875007E5E04 /* Release */ = {
			isa = XCBuildConfiguration;
			buildSettings = {
				ALWAYS_EMBED_SWIFT_STANDARD_LIBRARIES = YES;
				CODE_SIGN_STYLE = Automatic;
				CURRENT_PROJECT_VERSION = 1;
				DEVELOPMENT_TEAM = DK89B3CEZ5;
				GENERATE_INFOPLIST_FILE = YES;
				MARKETING_VERSION = 1.0;
				PRODUCT_BUNDLE_IDENTIFIER = com.tapinfuse.CatFactsUITests;
				PRODUCT_NAME = "$(TARGET_NAME)";
				SWIFT_EMIT_LOC_STRINGS = NO;
				SWIFT_VERSION = 5.0;
				TARGETED_DEVICE_FAMILY = "1,2";
				TEST_TARGET_NAME = CatFacts;
			};
			name = Release;
		};
/* End XCBuildConfiguration section */

/* Begin XCConfigurationList section */
		636074622995B873007E5E04 /* Build configuration list for PBXProject "CatFacts" */ = {
			isa = XCConfigurationList;
			buildConfigurations = (
				636074892995B875007E5E04 /* Debug */,
				6360748A2995B875007E5E04 /* Release */,
			);
			defaultConfigurationIsVisible = 0;
			defaultConfigurationName = Release;
		};
		6360748B2995B875007E5E04 /* Build configuration list for PBXNativeTarget "CatFacts" */ = {
			isa = XCConfigurationList;
			buildConfigurations = (
				6360748C2995B875007E5E04 /* Debug */,
				6360748D2995B875007E5E04 /* Release */,
			);
			defaultConfigurationIsVisible = 0;
			defaultConfigurationName = Release;
		};
		6360748E2995B875007E5E04 /* Build configuration list for PBXNativeTarget "CatFactsTests" */ = {
			isa = XCConfigurationList;
			buildConfigurations = (
				6360748F2995B875007E5E04 /* Debug */,
				636074902995B875007E5E04 /* Release */,
			);
			defaultConfigurationIsVisible = 0;
			defaultConfigurationName = Release;
		};
		636074912995B875007E5E04 /* Build configuration list for PBXNativeTarget "CatFactsUITests" */ = {
			isa = XCConfigurationList;
			buildConfigurations = (
				636074922995B875007E5E04 /* Debug */,
				636074932995B875007E5E04 /* Release */,
			);
			defaultConfigurationIsVisible = 0;
			defaultConfigurationName = Release;
		};
/* End XCConfigurationList section */
	};
	rootObject = 6360745F2995B873007E5E04 /* Project object */;
}
